
Microsoft Visual Studio Solution File, Format Version 12.00
# Visual Studio Version 16
VisualStudioVersion = 16.0.28803.202
MinimumVisualStudioVersion = 10.0.40219.1
Project("{FAE04EC0-301F-11D3-BF4B-00C04F79EFBC}") = "Our.Umbraco.YouTubePicker", "Our.Umbraco.YoutubePicker\Our.Umbraco.YouTubePicker.csproj", "{EF873CB9-DB5D-42A8-A68F-77D528C6968B}"
EndProject
Project("{FAE04EC0-301F-11D3-BF4B-00C04F79EFBC}") = "Website", "Website\Website.csproj", "{CD7B09A9-5017-43FC-A089-C0A8E1EC1D2C}"
EndProject
Global
	GlobalSection(SolutionConfigurationPlatforms) = preSolution
		Debug|Any CPU = Debug|Any CPU
		Release|Any CPU = Release|Any CPU
	EndGlobalSection
	GlobalSection(ProjectConfigurationPlatforms) = postSolution
		{EF873CB9-DB5D-42A8-A68F-77D528C6968B}.Debug|Any CPU.ActiveCfg = Debug|Any CPU
		{EF873CB9-DB5D-42A8-A68F-77D528C6968B}.Debug|Any CPU.Build.0 = Debug|Any CPU
		{EF873CB9-DB5D-42A8-A68F-77D528C6968B}.Release|Any CPU.ActiveCfg = Release|Any CPU
		{EF873CB9-DB5D-42A8-A68F-77D528C6968B}.Release|Any CPU.Build.0 = Release|Any CPU
		{CD7B09A9-5017-43FC-A089-C0A8E1EC1D2C}.Debug|Any CPU.ActiveCfg = Debug|Any CPU
		{CD7B09A9-5017-43FC-A089-C0A8E1EC1D2C}.Debug|Any CPU.Build.0 = Debug|Any CPU
		{CD7B09A9-5017-43FC-A089-C0A8E1EC1D2C}.Release|Any CPU.ActiveCfg = Release|Any CPU
		{CD7B09A9-5017-43FC-A089-C0A8E1EC1D2C}.Release|Any CPU.Build.0 = Release|Any CPU
	EndGlobalSection
	GlobalSection(SolutionProperties) = preSolution
		HideSolutionNode = FALSE
	EndGlobalSection
	GlobalSection(ExtensibilityGlobals) = postSolution
		SolutionGuid = {95621817-AE16-4BEB-BB19-4D730CEEBF68}
	EndGlobalSection
EndGlobal
